<?xml version="1.0" encoding="utf-8"?>
<Project ToolsVersion="4.0" xmlns="http://schemas.microsoft.com/developer/msbuild/2003">
  <ItemGroup>
    <Filter Include="소스 파일">
      <UniqueIdentifier>{4FC737F1-C7A5-4376-A066-2A32D752A2FF}</UniqueIdentifier>
      <Extensions>cpp;c;cc;cxx;c++;cppm;ixx;def;odl;idl;hpj;bat;asm;asmx</Extensions>
    </Filter>
    <Filter Include="헤더 파일">
      <UniqueIdentifier>{93995380-89BD-4b04-88EB-625FBE52EBFB}</UniqueIdentifier>
      <Extensions>h;hh;hpp;hxx;h++;hm;inl;inc;ipp;xsd</Extensions>
    </Filter>
    <Filter Include="리소스 파일">
      <UniqueIdentifier>{67DA6AB6-F800-4c08-8B7A-83BB121AAD01}</UniqueIdentifier>
      <Extensions>rc;ico;cur;bmp;dlg;rc2;rct;bin;rgs;gif;jpg;jpeg;jpe;resx;tiff;tif;png;wav;mfcribbon-ms</Extensions>
    </Filter>
  </ItemGroup>
  <ItemGroup>
    <ClCompile Include="Framework\main.cpp">
      <Filter>소스 파일</Filter>
    </ClCompile>
    <ClCompile Include="Framework\stdafx.cpp">
      <Filter>소스 파일</Filter>
    </ClCompile>
    <ClCompile Include="Framework\Framework.cpp">
      <Filter>소스 파일</Filter>
    </ClCompile>
    <ClCompile Include="Animation\AnimationClip.cpp">
      <Filter>소스 파일</Filter>
    </ClCompile>
    <ClCompile Include="Animation\Animator.cpp">
      <Filter>소스 파일</Filter>
    </ClCompile>
    <ClCompile Include="Scene\Scene.cpp">
      <Filter>소스 파일</Filter>
    </ClCompile>
    <ClCompile Include="Scene\TitleScene.cpp">
      <Filter>소스 파일</Filter>
    </ClCompile>
    <ClCompile Include="DataTable\DataTable.cpp">
      <Filter>소스 파일</Filter>
    </ClCompile>
    <ClCompile Include="DataTable\DataTableMgr.cpp">
      <Filter>소스 파일</Filter>
    </ClCompile>
    <ClCompile Include="DataTable\StringTable.cpp">
      <Filter>소스 파일</Filter>
    </ClCompile>
    <ClCompile Include="Environment\DebugBox.cpp">
      <Filter>소스 파일</Filter>
    </ClCompile>
    <ClCompile Include="Environment\HitBox.cpp">
      <Filter>소스 파일</Filter>
    </ClCompile>
    <ClCompile Include="Environment\Utils.cpp">
      <Filter>소스 파일</Filter>
    </ClCompile>
    <ClCompile Include="Environment\Variables.cpp">
      <Filter>소스 파일</Filter>
    </ClCompile>
    <ClCompile Include="Manager\InputMgr.cpp">
      <Filter>소스 파일</Filter>
    </ClCompile>
    <ClCompile Include="Manager\SceneMgr.cpp">
      <Filter>소스 파일</Filter>
    </ClCompile>
    <ClCompile Include="Manager\SoundMgr.cpp">
      <Filter>소스 파일</Filter>
    </ClCompile>
    <ClCompile Include="Object\GameObject.cpp">
      <Filter>소스 파일</Filter>
    </ClCompile>
    <ClCompile Include="Object\SpriteGo.cpp">
      <Filter>소스 파일</Filter>
    </ClCompile>
    <ClCompile Include="Object\TextGo.cpp">
      <Filter>소스 파일</Filter>
    </ClCompile>
    <ClCompile Include="Object\TileMap.cpp">
      <Filter>소스 파일</Filter>
    </ClCompile>
    <ClCompile Include="Object\UiHud.cpp">
      <Filter>소스 파일</Filter>
    </ClCompile>
    <ClCompile Include="Scene\GameScene.cpp">
      <Filter>소스 파일</Filter>
    </ClCompile>
    <ClCompile Include="Object\PlayArea.cpp">
      <Filter>소스 파일</Filter>
    </ClCompile>
    <ClCompile Include="DataTable\StoreTable.cpp">
      <Filter>소스 파일</Filter>
    </ClCompile>
    <ClCompile Include="Object\Store.cpp">
      <Filter>소스 파일</Filter>
    </ClCompile>
    <ClCompile Include="Object\Card.cpp">
      <Filter>소스 파일</Filter>
    </ClCompile>
    <ClCompile Include="Object\Cards\Villagers.cpp">
      <Filter>소스 파일</Filter>
    </ClCompile>
    <ClCompile Include="DataTable\VillagersTable.cpp">
      <Filter>소스 파일</Filter>
    </ClCompile>
  </ItemGroup>
  <ItemGroup>
    <ClInclude Include="Framework\Framework.h">
      <Filter>헤더 파일</Filter>
    </ClInclude>
    <ClInclude Include="Framework\rapidcsv.h">
      <Filter>헤더 파일</Filter>
    </ClInclude>
    <ClInclude Include="Animation\AnimationClip.h">
      <Filter>헤더 파일</Filter>
    </ClInclude>
    <ClInclude Include="Animation\Animator.h">
      <Filter>헤더 파일</Filter>
    </ClInclude>
    <ClInclude Include="Scene\Scene.h">
      <Filter>헤더 파일</Filter>
    </ClInclude>
    <ClInclude Include="Scene\TitleScene.h">
      <Filter>헤더 파일</Filter>
    </ClInclude>
    <ClInclude Include="DataTable\DataTable.h">
      <Filter>헤더 파일</Filter>
    </ClInclude>
    <ClInclude Include="DataTable\DataTableMgr.h">
      <Filter>헤더 파일</Filter>
    </ClInclude>
    <ClInclude Include="DataTable\StringTable.h">
      <Filter>헤더 파일</Filter>
    </ClInclude>
    <ClInclude Include="Environment\DebugBox.h">
      <Filter>헤더 파일</Filter>
    </ClInclude>
    <ClInclude Include="Environment\Defines.h">
      <Filter>헤더 파일</Filter>
    </ClInclude>
    <ClInclude Include="Environment\HitBox.h">
      <Filter>헤더 파일</Filter>
    </ClInclude>
    <ClInclude Include="Environment\Utils.h">
      <Filter>헤더 파일</Filter>
    </ClInclude>
    <ClInclude Include="Environment\Variables.h">
      <Filter>헤더 파일</Filter>
    </ClInclude>
    <ClInclude Include="Manager\InputMgr.h">
      <Filter>헤더 파일</Filter>
    </ClInclude>
    <ClInclude Include="Manager\ResourceMgr.h">
      <Filter>헤더 파일</Filter>
    </ClInclude>
    <ClInclude Include="Manager\SceneMgr.h">
      <Filter>헤더 파일</Filter>
    </ClInclude>
    <ClInclude Include="Manager\Singleton.h">
      <Filter>헤더 파일</Filter>
    </ClInclude>
    <ClInclude Include="Manager\SoundMgr.h">
      <Filter>헤더 파일</Filter>
    </ClInclude>
    <ClInclude Include="Object\GameObject.h">
      <Filter>헤더 파일</Filter>
    </ClInclude>
    <ClInclude Include="Object\ObjectPool.h">
      <Filter>헤더 파일</Filter>
    </ClInclude>
    <ClInclude Include="Object\SpriteGo.h">
      <Filter>헤더 파일</Filter>
    </ClInclude>
    <ClInclude Include="Object\TextGo.h">
      <Filter>헤더 파일</Filter>
    </ClInclude>
    <ClInclude Include="Object\TileMap.h">
      <Filter>헤더 파일</Filter>
    </ClInclude>
    <ClInclude Include="Object\UiHud.h">
      <Filter>헤더 파일</Filter>
    </ClInclude>
    <ClInclude Include="Framework\stdafx.h">
      <Filter>헤더 파일</Filter>
    </ClInclude>
    <ClInclude Include="Scene\GameScene.h">
      <Filter>헤더 파일</Filter>
    </ClInclude>
    <ClInclude Include="Object\PlayArea.h">
      <Filter>헤더 파일</Filter>
    </ClInclude>
    <ClInclude Include="DataTable\StoreTable.h">
      <Filter>헤더 파일</Filter>
    </ClInclude>
    <ClInclude Include="Object\Store.h">
      <Filter>헤더 파일</Filter>
    </ClInclude>
    <ClInclude Include="Object\Card.h">
      <Filter>헤더 파일</Filter>
    </ClInclude>
    <ClInclude Include="Object\Cards\Villagers.h">
      <Filter>헤더 파일</Filter>
    </ClInclude>
    <ClInclude Include="DataTable\VillagersTable.h">
      <Filter>헤더 파일</Filter>
    </ClInclude>
  </ItemGroup>
</Project>